// !$*UTF8*$!
{
	archiveVersion = 1;
	classes = {
	};
	objectVersion = 50;
	objects = {

/* Begin PBXBuildFile section */
		5BA536AAE32AE15FBC2744F4 /* Pods_SampleStickersApp.framework in Frameworks */ = {isa = PBXBuildFile; fileRef = C1806216E9A568D5C78E2243 /* Pods_SampleStickersApp.framework */; };
		D5397DD022D4E61400158F5B /* FirstView.swift in Sources */ = {isa = PBXBuildFile; fileRef = D5397DCF22D4E61400158F5B /* FirstView.swift */; };
		D5BFE75E22CCA4A300E71F12 /* AppDelegate.swift in Sources */ = {isa = PBXBuildFile; fileRef = D5BFE75D22CCA4A300E71F12 /* AppDelegate.swift */; };
		D5BFE76522CCA4A400E71F12 /* Assets.xcassets in Resources */ = {isa = PBXBuildFile; fileRef = D5BFE76422CCA4A400E71F12 /* Assets.xcassets */; };
		D5BFE76822CCA4A400E71F12 /* LaunchScreen.storyboard in Resources */ = {isa = PBXBuildFile; fileRef = D5BFE76622CCA4A400E71F12 /* LaunchScreen.storyboard */; };
		D5BFE77322CCA98F00E71F12 /* SampleViewController.swift in Sources */ = {isa = PBXBuildFile; fileRef = D5BFE77122CCA98F00E71F12 /* SampleViewController.swift */; };
		D5BFE77422CCA98F00E71F12 /* SampleViewController.xib in Resources */ = {isa = PBXBuildFile; fileRef = D5BFE77222CCA98F00E71F12 /* SampleViewController.xib */; };
		D5BFE77622CCA99F00E71F12 /* SampleView.swift in Sources */ = {isa = PBXBuildFile; fileRef = D5BFE77522CCA99F00E71F12 /* SampleView.swift */; };
		D5BFE77C22CCFDA800E71F12 /* FirstViewController.swift in Sources */ = {isa = PBXBuildFile; fileRef = D5BFE77A22CCFDA800E71F12 /* FirstViewController.swift */; };
		D5BFE77D22CCFDA800E71F12 /* FirstViewController.xib in Resources */ = {isa = PBXBuildFile; fileRef = D5BFE77B22CCFDA800E71F12 /* FirstViewController.xib */; };
		D5F3323622CE39E800DE7AE7 /* BaseViewController.swift in Sources */ = {isa = PBXBuildFile; fileRef = D5F3323522CE39E800DE7AE7 /* BaseViewController.swift */; };
/* End PBXBuildFile section */

/* Begin PBXFileReference section */
		A3FBE07AFD040815C9C943B0 /* Pods-SampleStickersApp.debug.xcconfig */ = {isa = PBXFileReference; includeInIndex = 1; lastKnownFileType = text.xcconfig; name = "Pods-SampleStickersApp.debug.xcconfig"; path = "Target Support Files/Pods-SampleStickersApp/Pods-SampleStickersApp.debug.xcconfig"; sourceTree = "<group>"; };
		C1806216E9A568D5C78E2243 /* Pods_SampleStickersApp.framework */ = {isa = PBXFileReference; explicitFileType = wrapper.framework; includeInIndex = 0; path = Pods_SampleStickersApp.framework; sourceTree = BUILT_PRODUCTS_DIR; };
		D5397DCD22D4D92200158F5B /* Sample-Bridging-Header.h */ = {isa = PBXFileReference; lastKnownFileType = sourcecode.c.h; path = "Sample-Bridging-Header.h"; sourceTree = "<group>"; };
		D5397DCF22D4E61400158F5B /* FirstView.swift */ = {isa = PBXFileReference; lastKnownFileType = sourcecode.swift; path = FirstView.swift; sourceTree = "<group>"; };
		D5BFE75A22CCA4A300E71F12 /* SampleStickersApp.app */ = {isa = PBXFileReference; explicitFileType = wrapper.application; includeInIndex = 0; path = SampleStickersApp.app; sourceTree = BUILT_PRODUCTS_DIR; };
		D5BFE75D22CCA4A300E71F12 /* AppDelegate.swift */ = {isa = PBXFileReference; lastKnownFileType = sourcecode.swift; path = AppDelegate.swift; sourceTree = "<group>"; };
		D5BFE76422CCA4A400E71F12 /* Assets.xcassets */ = {isa = PBXFileReference; lastKnownFileType = folder.assetcatalog; path = Assets.xcassets; sourceTree = "<group>"; };
		D5BFE76722CCA4A400E71F12 /* Base */ = {isa = PBXFileReference; lastKnownFileType = file.storyboard; name = Base; path = Base.lproj/LaunchScreen.storyboard; sourceTree = "<group>"; };
		D5BFE76922CCA4A400E71F12 /* Info.plist */ = {isa = PBXFileReference; lastKnownFileType = text.plist.xml; path = Info.plist; sourceTree = "<group>"; };
		D5BFE77122CCA98F00E71F12 /* SampleViewController.swift */ = {isa = PBXFileReference; lastKnownFileType = sourcecode.swift; path = SampleViewController.swift; sourceTree = "<group>"; };
		D5BFE77222CCA98F00E71F12 /* SampleViewController.xib */ = {isa = PBXFileReference; lastKnownFileType = file.xib; path = SampleViewController.xib; sourceTree = "<group>"; };
		D5BFE77522CCA99F00E71F12 /* SampleView.swift */ = {isa = PBXFileReference; lastKnownFileType = sourcecode.swift; path = SampleView.swift; sourceTree = "<group>"; };
		D5BFE77A22CCFDA800E71F12 /* FirstViewController.swift */ = {isa = PBXFileReference; lastKnownFileType = sourcecode.swift; path = FirstViewController.swift; sourceTree = "<group>"; };
		D5BFE77B22CCFDA800E71F12 /* FirstViewController.xib */ = {isa = PBXFileReference; lastKnownFileType = file.xib; path = FirstViewController.xib; sourceTree = "<group>"; };
		D5F3323522CE39E800DE7AE7 /* BaseViewController.swift */ = {isa = PBXFileReference; lastKnownFileType = sourcecode.swift; path = BaseViewController.swift; sourceTree = "<group>"; };
		D8E95F76AD9660E401776A25 /* Pods-SampleStickersApp.release.xcconfig */ = {isa = PBXFileReference; includeInIndex = 1; lastKnownFileType = text.xcconfig; name = "Pods-SampleStickersApp.release.xcconfig"; path = "Target Support Files/Pods-SampleStickersApp/Pods-SampleStickersApp.release.xcconfig"; sourceTree = "<group>"; };
/* End PBXFileReference section */

/* Begin PBXFrameworksBuildPhase section */
		D5BFE75722CCA4A300E71F12 /* Frameworks */ = {
			isa = PBXFrameworksBuildPhase;
			buildActionMask = 2147483647;
			files = (
				5BA536AAE32AE15FBC2744F4 /* Pods_SampleStickersApp.framework in Frameworks */,
			);
			runOnlyForDeploymentPostprocessing = 0;
		};
/* End PBXFrameworksBuildPhase section */

/* Begin PBXGroup section */
		3FD952AB5A6AE71195738768 /* Pods */ = {
			isa = PBXGroup;
			children = (
				A3FBE07AFD040815C9C943B0 /* Pods-SampleStickersApp.debug.xcconfig */,
				D8E95F76AD9660E401776A25 /* Pods-SampleStickersApp.release.xcconfig */,
			);
			path = Pods;
			sourceTree = "<group>";
		};
		D5397DCE22D4E60100158F5B /* View */ = {
			isa = PBXGroup;
			children = (
				D5397DCF22D4E61400158F5B /* FirstView.swift */,
			);
			path = View;
			sourceTree = "<group>";
		};
		D5BFE75122CCA4A300E71F12 = {
			isa = PBXGroup;
			children = (
				D5BFE75C22CCA4A300E71F12 /* SampleStickersApp */,
				D5BFE75B22CCA4A300E71F12 /* Products */,
				3FD952AB5A6AE71195738768 /* Pods */,
				FA9AD0300BF5BEA3C5BAF514 /* Frameworks */,
			);
			sourceTree = "<group>";
		};
		D5BFE75B22CCA4A300E71F12 /* Products */ = {
			isa = PBXGroup;
			children = (
				D5BFE75A22CCA4A300E71F12 /* SampleStickersApp.app */,
			);
			name = Products;
			sourceTree = "<group>";
		};
		D5BFE75C22CCA4A300E71F12 /* SampleStickersApp */ = {
			isa = PBXGroup;
			children = (
				D5F3323222CE39A900DE7AE7 /* UI */,
				D5BFE75D22CCA4A300E71F12 /* AppDelegate.swift */,
				D5BFE76422CCA4A400E71F12 /* Assets.xcassets */,
				D5BFE76622CCA4A400E71F12 /* LaunchScreen.storyboard */,
				D5BFE76922CCA4A400E71F12 /* Info.plist */,
				D5397DCD22D4D92200158F5B /* Sample-Bridging-Header.h */,
			);
			path = SampleStickersApp;
			sourceTree = "<group>";
		};
		D5BFE76F22CCA94200E71F12 /* SampleViewController */ = {
			isa = PBXGroup;
			children = (
				D5BFE77022CCA96A00E71F12 /* View */,
				D5BFE77122CCA98F00E71F12 /* SampleViewController.swift */,
				D5BFE77222CCA98F00E71F12 /* SampleViewController.xib */,
			);
			path = SampleViewController;
			sourceTree = "<group>";
		};
		D5BFE77022CCA96A00E71F12 /* View */ = {
			isa = PBXGroup;
			children = (
				D5BFE77522CCA99F00E71F12 /* SampleView.swift */,
			);
			path = View;
			sourceTree = "<group>";
		};
		D5F3323222CE39A900DE7AE7 /* UI */ = {
			isa = PBXGroup;
			children = (
				D5F3323422CE39CB00DE7AE7 /* BaseViewController */,
				D5F3323322CE39BD00DE7AE7 /* FirstViewController */,
				D5BFE76F22CCA94200E71F12 /* SampleViewController */,
			);
			path = UI;
			sourceTree = "<group>";
		};
		D5F3323322CE39BD00DE7AE7 /* FirstViewController */ = {
			isa = PBXGroup;
			children = (
				D5397DCE22D4E60100158F5B /* View */,
				D5BFE77A22CCFDA800E71F12 /* FirstViewController.swift */,
				D5BFE77B22CCFDA800E71F12 /* FirstViewController.xib */,
			);
			path = FirstViewController;
			sourceTree = "<group>";
		};
		D5F3323422CE39CB00DE7AE7 /* BaseViewController */ = {
			isa = PBXGroup;
			children = (
				D5F3323522CE39E800DE7AE7 /* BaseViewController.swift */,
			);
			path = BaseViewController;
			sourceTree = "<group>";
		};
		FA9AD0300BF5BEA3C5BAF514 /* Frameworks */ = {
			isa = PBXGroup;
			children = (
				C1806216E9A568D5C78E2243 /* Pods_SampleStickersApp.framework */,
			);
			name = Frameworks;
			sourceTree = "<group>";
		};
/* End PBXGroup section */

/* Begin PBXNativeTarget section */
		D5BFE75922CCA4A300E71F12 /* SampleStickersApp */ = {
			isa = PBXNativeTarget;
			buildConfigurationList = D5BFE76C22CCA4A400E71F12 /* Build configuration list for PBXNativeTarget "SampleStickersApp" */;
			buildPhases = (
				2A572D6EAB777ED4FBBD80A8 /* [CP] Check Pods Manifest.lock */,
				D5BFE75622CCA4A300E71F12 /* Sources */,
				D5BFE75722CCA4A300E71F12 /* Frameworks */,
				D5BFE75822CCA4A300E71F12 /* Resources */,
				F521D61446000CD1DEE2973E /* [CP] Embed Pods Frameworks */,
			);
			buildRules = (
			);
			dependencies = (
			);
			name = SampleStickersApp;
			productName = SampleStickersApp;
			productReference = D5BFE75A22CCA4A300E71F12 /* SampleStickersApp.app */;
			productType = "com.apple.product-type.application";
		};
/* End PBXNativeTarget section */

/* Begin PBXProject section */
		D5BFE75222CCA4A300E71F12 /* Project object */ = {
			isa = PBXProject;
			attributes = {
				LastSwiftUpdateCheck = 1020;
				LastUpgradeCheck = 1020;
				ORGANIZATIONNAME = "IDAP Group";
				TargetAttributes = {
					D5BFE75922CCA4A300E71F12 = {
						CreatedOnToolsVersion = 10.2.1;
					};
				};
			};
			buildConfigurationList = D5BFE75522CCA4A300E71F12 /* Build configuration list for PBXProject "SampleStickersApp" */;
			compatibilityVersion = "Xcode 9.3";
			developmentRegion = en;
			hasScannedForEncodings = 0;
			knownRegions = (
				en,
				Base,
			);
			mainGroup = D5BFE75122CCA4A300E71F12;
			productRefGroup = D5BFE75B22CCA4A300E71F12 /* Products */;
			projectDirPath = "";
			projectRoot = "";
			targets = (
				D5BFE75922CCA4A300E71F12 /* SampleStickersApp */,
			);
		};
/* End PBXProject section */

/* Begin PBXResourcesBuildPhase section */
		D5BFE75822CCA4A300E71F12 /* Resources */ = {
			isa = PBXResourcesBuildPhase;
			buildActionMask = 2147483647;
			files = (
				D5BFE76822CCA4A400E71F12 /* LaunchScreen.storyboard in Resources */,
				D5BFE77422CCA98F00E71F12 /* SampleViewController.xib in Resources */,
				D5BFE76522CCA4A400E71F12 /* Assets.xcassets in Resources */,
				D5BFE77D22CCFDA800E71F12 /* FirstViewController.xib in Resources */,
			);
			runOnlyForDeploymentPostprocessing = 0;
		};
/* End PBXResourcesBuildPhase section */

/* Begin PBXShellScriptBuildPhase section */
		2A572D6EAB777ED4FBBD80A8 /* [CP] Check Pods Manifest.lock */ = {
			isa = PBXShellScriptBuildPhase;
			buildActionMask = 2147483647;
			files = (
			);
			inputFileListPaths = (
			);
			inputPaths = (
				"${PODS_PODFILE_DIR_PATH}/Podfile.lock",
				"${PODS_ROOT}/Manifest.lock",
			);
			name = "[CP] Check Pods Manifest.lock";
			outputFileListPaths = (
			);
			outputPaths = (
				"$(DERIVED_FILE_DIR)/Pods-SampleStickersApp-checkManifestLockResult.txt",
			);
			runOnlyForDeploymentPostprocessing = 0;
			shellPath = /bin/sh;
			shellScript = "diff \"${PODS_PODFILE_DIR_PATH}/Podfile.lock\" \"${PODS_ROOT}/Manifest.lock\" > /dev/null\nif [ $? != 0 ] ; then\n    # print error to STDERR\n    echo \"error: The sandbox is not in sync with the Podfile.lock. Run 'pod install' or update your CocoaPods installation.\" >&2\n    exit 1\nfi\n# This output is used by Xcode 'outputs' to avoid re-running this script phase.\necho \"SUCCESS\" > \"${SCRIPT_OUTPUT_FILE_0}\"\n";
			showEnvVarsInLog = 0;
		};
		F521D61446000CD1DEE2973E /* [CP] Embed Pods Frameworks */ = {
			isa = PBXShellScriptBuildPhase;
			buildActionMask = 2147483647;
			files = (
			);
			inputFileListPaths = (
			);
			inputPaths = (
				"${PODS_ROOT}/Target Support Files/Pods-SampleStickersApp/Pods-SampleStickersApp-frameworks.sh",
				"${BUILT_PRODUCTS_DIR}/Stickers/Stickers.framework",
			);
			name = "[CP] Embed Pods Frameworks";
			outputFileListPaths = (
			);
			outputPaths = (
				"${TARGET_BUILD_DIR}/${FRAMEWORKS_FOLDER_PATH}/Stickers.framework",
			);
			runOnlyForDeploymentPostprocessing = 0;
			shellPath = /bin/sh;
			shellScript = "\"${PODS_ROOT}/Target Support Files/Pods-SampleStickersApp/Pods-SampleStickersApp-frameworks.sh\"\n";
			showEnvVarsInLog = 0;
		};
/* End PBXShellScriptBuildPhase section */

/* Begin PBXSourcesBuildPhase section */
		D5BFE75622CCA4A300E71F12 /* Sources */ = {
			isa = PBXSourcesBuildPhase;
			buildActionMask = 2147483647;
			files = (
				D5F3323622CE39E800DE7AE7 /* BaseViewController.swift in Sources */,
				D5397DD022D4E61400158F5B /* FirstView.swift in Sources */,
				D5BFE77322CCA98F00E71F12 /* SampleViewController.swift in Sources */,
				D5BFE77622CCA99F00E71F12 /* SampleView.swift in Sources */,
				D5BFE75E22CCA4A300E71F12 /* AppDelegate.swift in Sources */,
				D5BFE77C22CCFDA800E71F12 /* FirstViewController.swift in Sources */,
			);
			runOnlyForDeploymentPostprocessing = 0;
		};
/* End PBXSourcesBuildPhase section */

/* Begin PBXVariantGroup section */
		D5BFE76622CCA4A400E71F12 /* LaunchScreen.storyboard */ = {
			isa = PBXVariantGroup;
			children = (
				D5BFE76722CCA4A400E71F12 /* Base */,
			);
			name = LaunchScreen.storyboard;
			sourceTree = "<group>";
		};
/* End PBXVariantGroup section */

/* Begin XCBuildConfiguration section */
		D5BFE76A22CCA4A400E71F12 /* Debug */ = {
			isa = XCBuildConfiguration;
			buildSettings = {
				ALWAYS_SEARCH_USER_PATHS = NO;
				CLANG_ANALYZER_NONNULL = YES;
				CLANG_ANALYZER_NUMBER_OBJECT_CONVERSION = YES_AGGRESSIVE;
				CLANG_CXX_LANGUAGE_STANDARD = "gnu++14";
				CLANG_CXX_LIBRARY = "libc++";
				CLANG_ENABLE_MODULES = YES;
				CLANG_ENABLE_OBJC_ARC = YES;
				CLANG_ENABLE_OBJC_WEAK = YES;
				CLANG_WARN_BLOCK_CAPTURE_AUTORELEASING = YES;
				CLANG_WARN_BOOL_CONVERSION = YES;
				CLANG_WARN_COMMA = YES;
				CLANG_WARN_CONSTANT_CONVERSION = YES;
				CLANG_WARN_DEPRECATED_OBJC_IMPLEMENTATIONS = YES;
				CLANG_WARN_DIRECT_OBJC_ISA_USAGE = YES_ERROR;
				CLANG_WARN_DOCUMENTATION_COMMENTS = YES;
				CLANG_WARN_EMPTY_BODY = YES;
				CLANG_WARN_ENUM_CONVERSION = YES;
				CLANG_WARN_INFINITE_RECURSION = YES;
				CLANG_WARN_INT_CONVERSION = YES;
				CLANG_WARN_NON_LITERAL_NULL_CONVERSION = YES;
				CLANG_WARN_OBJC_IMPLICIT_RETAIN_SELF = YES;
				CLANG_WARN_OBJC_LITERAL_CONVERSION = YES;
				CLANG_WARN_OBJC_ROOT_CLASS = YES_ERROR;
				CLANG_WARN_RANGE_LOOP_ANALYSIS = YES;
				CLANG_WARN_STRICT_PROTOTYPES = YES;
				CLANG_WARN_SUSPICIOUS_MOVE = YES;
				CLANG_WARN_UNGUARDED_AVAILABILITY = YES_AGGRESSIVE;
				CLANG_WARN_UNREACHABLE_CODE = YES;
				CLANG_WARN__DUPLICATE_METHOD_MATCH = YES;
				CODE_SIGN_IDENTITY = "iPhone Developer";
				COPY_PHASE_STRIP = NO;
				DEBUG_INFORMATION_FORMAT = dwarf;
				ENABLE_STRICT_OBJC_MSGSEND = YES;
				ENABLE_TESTABILITY = YES;
				GCC_C_LANGUAGE_STANDARD = gnu11;
				GCC_DYNAMIC_NO_PIC = NO;
				GCC_NO_COMMON_BLOCKS = YES;
				GCC_OPTIMIZATION_LEVEL = 0;
				GCC_PREPROCESSOR_DEFINITIONS = (
					"DEBUG=1",
					"$(inherited)",
				);
				GCC_WARN_64_TO_32_BIT_CONVERSION = YES;
				GCC_WARN_ABOUT_RETURN_TYPE = YES_ERROR;
				GCC_WARN_UNDECLARED_SELECTOR = YES;
				GCC_WARN_UNINITIALIZED_AUTOS = YES_AGGRESSIVE;
				GCC_WARN_UNUSED_FUNCTION = YES;
				GCC_WARN_UNUSED_VARIABLE = YES;
				IPHONEOS_DEPLOYMENT_TARGET = 12.0;
				MTL_ENABLE_DEBUG_INFO = INCLUDE_SOURCE;
				MTL_FAST_MATH = YES;
				ONLY_ACTIVE_ARCH = YES;
				SDKROOT = iphoneos;
				SWIFT_ACTIVE_COMPILATION_CONDITIONS = DEBUG;
				SWIFT_OPTIMIZATION_LEVEL = "-Onone";
			};
			name = Debug;
		};
		D5BFE76B22CCA4A400E71F12 /* Release */ = {
			isa = XCBuildConfiguration;
			buildSettings = {
				ALWAYS_SEARCH_USER_PATHS = NO;
				CLANG_ANALYZER_NONNULL = YES;
				CLANG_ANALYZER_NUMBER_OBJECT_CONVERSION = YES_AGGRESSIVE;
				CLANG_CXX_LANGUAGE_STANDARD = "gnu++14";
				CLANG_CXX_LIBRARY = "libc++";
				CLANG_ENABLE_MODULES = YES;
				CLANG_ENABLE_OBJC_ARC = YES;
				CLANG_ENABLE_OBJC_WEAK = YES;
				CLANG_WARN_BLOCK_CAPTURE_AUTORELEASING = YES;
				CLANG_WARN_BOOL_CONVERSION = YES;
				CLANG_WARN_COMMA = YES;
				CLANG_WARN_CONSTANT_CONVERSION = YES;
				CLANG_WARN_DEPRECATED_OBJC_IMPLEMENTATIONS = YES;
				CLANG_WARN_DIRECT_OBJC_ISA_USAGE = YES_ERROR;
				CLANG_WARN_DOCUMENTATION_COMMENTS = YES;
				CLANG_WARN_EMPTY_BODY = YES;
				CLANG_WARN_ENUM_CONVERSION = YES;
				CLANG_WARN_INFINITE_RECURSION = YES;
				CLANG_WARN_INT_CONVERSION = YES;
				CLANG_WARN_NON_LITERAL_NULL_CONVERSION = YES;
				CLANG_WARN_OBJC_IMPLICIT_RETAIN_SELF = YES;
				CLANG_WARN_OBJC_LITERAL_CONVERSION = YES;
				CLANG_WARN_OBJC_ROOT_CLASS = YES_ERROR;
				CLANG_WARN_RANGE_LOOP_ANALYSIS = YES;
				CLANG_WARN_STRICT_PROTOTYPES = YES;
				CLANG_WARN_SUSPICIOUS_MOVE = YES;
				CLANG_WARN_UNGUARDED_AVAILABILITY = YES_AGGRESSIVE;
				CLANG_WARN_UNREACHABLE_CODE = YES;
				CLANG_WARN__DUPLICATE_METHOD_MATCH = YES;
				CODE_SIGN_IDENTITY = "iPhone Developer";
				COPY_PHASE_STRIP = NO;
				DEBUG_INFORMATION_FORMAT = "dwarf-with-dsym";
				ENABLE_NS_ASSERTIONS = NO;
				ENABLE_STRICT_OBJC_MSGSEND = YES;
				GCC_C_LANGUAGE_STANDARD = gnu11;
				GCC_NO_COMMON_BLOCKS = YES;
				GCC_WARN_64_TO_32_BIT_CONVERSION = YES;
				GCC_WARN_ABOUT_RETURN_TYPE = YES_ERROR;
				GCC_WARN_UNDECLARED_SELECTOR = YES;
				GCC_WARN_UNINITIALIZED_AUTOS = YES_AGGRESSIVE;
				GCC_WARN_UNUSED_FUNCTION = YES;
				GCC_WARN_UNUSED_VARIABLE = YES;
				IPHONEOS_DEPLOYMENT_TARGET = 12.0;
				MTL_ENABLE_DEBUG_INFO = NO;
				MTL_FAST_MATH = YES;
				SDKROOT = iphoneos;
				SWIFT_COMPILATION_MODE = wholemodule;
				SWIFT_OPTIMIZATION_LEVEL = "-O";
				VALIDATE_PRODUCT = YES;
			};
			name = Release;
		};
		D5BFE76D22CCA4A400E71F12 /* Debug */ = {
			isa = XCBuildConfiguration;
			baseConfigurationReference = A3FBE07AFD040815C9C943B0 /* Pods-SampleStickersApp.debug.xcconfig */;
			buildSettings = {
				ASSETCATALOG_COMPILER_APPICON_NAME = AppIcon;
				CODE_SIGN_STYLE = Automatic;
				DEVELOPMENT_TEAM = K33J7AD8C7;
				INFOPLIST_FILE = SampleStickersApp/Info.plist;
				LD_RUNPATH_SEARCH_PATHS = (
					"$(inherited)",
					"@executable_path/Frameworks",
				);
				PRODUCT_BUNDLE_IDENTIFIER = com.idapgroup.SampleStickersApp;
				PRODUCT_NAME = "$(TARGET_NAME)";
				SWIFT_OBJC_BRIDGING_HEADER = "SampleStickersApp/Sample-Bridging-Header.h";
				SWIFT_VERSION = 5.0;
				TARGETED_DEVICE_FAMILY = "1,2";
			};
			name = Debug;
		};
		D5BFE76E22CCA4A400E71F12 /* Release */ = {
			isa = XCBuildConfiguration;
			baseConfigurationReference = D8E95F76AD9660E401776A25 /* Pods-SampleStickersApp.release.xcconfig */;
			buildSettings = {
				ASSETCATALOG_COMPILER_APPICON_NAME = AppIcon;
				CODE_SIGN_STYLE = Automatic;
				DEVELOPMENT_TEAM = K33J7AD8C7;
				INFOPLIST_FILE = SampleStickersApp/Info.plist;
				LD_RUNPATH_SEARCH_PATHS = (
					"$(inherited)",
					"@executable_path/Frameworks",
				);
				PRODUCT_BUNDLE_IDENTIFIER = com.idapgroup.SampleStickersApp;
				PRODUCT_NAME = "$(TARGET_NAME)";
				SWIFT_OBJC_BRIDGING_HEADER = "SampleStickersApp/Sample-Bridging-Header.h";
				SWIFT_VERSION = 5.0;
				TARGETED_DEVICE_FAMILY = "1,2";
			};
			name = Release;
		};
/* End XCBuildConfiguration section */

/* Begin XCConfigurationList section */
		D5BFE75522CCA4A300E71F12 /* Build configuration list for PBXProject "SampleStickersApp" */ = {
			isa = XCConfigurationList;
			buildConfigurations = (
				D5BFE76A22CCA4A400E71F12 /* Debug */,
				D5BFE76B22CCA4A400E71F12 /* Release */,
			);
			defaultConfigurationIsVisible = 0;
			defaultConfigurationName = Release;
		};
		D5BFE76C22CCA4A400E71F12 /* Build configuration list for PBXNativeTarget "SampleStickersApp" */ = {
			isa = XCConfigurationList;
			buildConfigurations = (
				D5BFE76D22CCA4A400E71F12 /* Debug */,
				D5BFE76E22CCA4A400E71F12 /* Release */,
			);
			defaultConfigurationIsVisible = 0;
			defaultConfigurationName = Release;
		};
/* End XCConfigurationList section */
	};
	rootObject = D5BFE75222CCA4A300E71F12 /* Project object */;
}
